
Microsoft Visual Studio Solution File, Format Version 12.00
# Visual Studio Version 16
VisualStudioVersion = 16.0.30717.126
MinimumVisualStudioVersion = 10.0.40219.1
Project("{8BC9CEB8-8B4A-11D0-8D11-00A0C91BC942}") = "picToASCII", "picToASCII\picToASCII.vcxproj", "{607106EF-FF6D-4E88-BDB7-016591CD26F6}"
EndProject
Global
	GlobalSection(SolutionConfigurationPlatforms) = preSolution
		Debug|x64 = Debug|x64
		Debug|x86 = Debug|x86
		Release|x64 = Release|x64
		Release|x86 = Release|x86
	EndGlobalSection
	GlobalSection(ProjectConfigurationPlatforms) = postSolution
		{607106EF-FF6D-4E88-BDB7-016591CD26F6}.Debug|x64.ActiveCfg = Debug|x64
		{607106EF-FF6D-4E88-BDB7-016591CD26F6}.Debug|x64.Build.0 = Debug|x64
		{607106EF-FF6D-4E88-BDB7-016591CD26F6}.Debug|x86.ActiveCfg = Debug|Win32
		{607106EF-FF6D-4E88-BDB7-016591CD26F6}.Debug|x86.Build.0 = Debug|Win32
		{607106EF-FF6D-4E88-BDB7-016591CD26F6}.Release|x64.ActiveCfg = Release|x64
		{607106EF-FF6D-4E88-BDB7-016591CD26F6}.Release|x64.Build.0 = Release|x64
		{607106EF-FF6D-4E88-BDB7-016591CD26F6}.Release|x86.ActiveCfg = Release|Win32
		{607106EF-FF6D-4E88-BDB7-016591CD26F6}.Release|x86.Build.0 = Release|Win32
	EndGlobalSection
	GlobalSection(SolutionProperties) = preSolution
		HideSolutionNode = FALSE
	EndGlobalSection
	GlobalSection(ExtensibilityGlobals) = postSolution
		SolutionGuid = {0028FB00-7F2F-4405-8FBF-F509E09F1F0F}
	EndGlobalSection
EndGlobal
